
Microsoft Visual Studio Solution File, Format Version 12.00
# Visual Studio Version 16
VisualStudioVersion = 16.0.32413.511
MinimumVisualStudioVersion = 10.0.40219.1
Project("{FAE04EC0-301F-11D3-BF4B-00C04F79EFBC}") = "ruapApp", "ruapApp.csproj", "{397BAA37-B597-41A5-A308-0AE9809931F0}"
EndProject
Global
	GlobalSection(SolutionConfigurationPlatforms) = preSolution
		Debug|Any CPU = Debug|Any CPU
		Release|Any CPU = Release|Any CPU
	EndGlobalSection
	GlobalSection(ProjectConfigurationPlatforms) = postSolution
		{397BAA37-B597-41A5-A308-0AE9809931F0}.Debug|Any CPU.ActiveCfg = Debug|Any CPU
		{397BAA37-B597-41A5-A308-0AE9809931F0}.Debug|Any CPU.Build.0 = Debug|Any CPU
		{397BAA37-B597-41A5-A308-0AE9809931F0}.Release|Any CPU.ActiveCfg = Release|Any CPU
		{397BAA37-B597-41A5-A308-0AE9809931F0}.Release|Any CPU.Build.0 = Release|Any CPU
	EndGlobalSection
	GlobalSection(SolutionProperties) = preSolution
		HideSolutionNode = FALSE
	EndGlobalSection
	GlobalSection(ExtensibilityGlobals) = postSolution
		SolutionGuid = {1841E686-5152-42A1-AEF8-D9B2020ED649}
	EndGlobalSection
EndGlobal
